
Microsoft Visual Studio Solution File, Format Version 12.00
# Visual Studio 14
VisualStudioVersion = 14.0.25123.0
MinimumVisualStudioVersion = 10.0.40219.1
Project("{FAE04EC0-301F-11D3-BF4B-00C04F79EFBC}") = "HostB", "HostB\HostB.csproj", "{226EF8D3-A7A7-4ADB-BF8F-91B6989D2C3D}"
EndProject
Project("{FAE04EC0-301F-11D3-BF4B-00C04F79EFBC}") = "HostA", "HostA\HostA.csproj", "{FA32870D-C78D-471C-AEB4-B5B58B475064}"
EndProject
Project("{FAE04EC0-301F-11D3-BF4B-00C04F79EFBC}") = "Shared", "Models\Shared.csproj", "{F3000A84-0224-4675-9B65-5445EF642526}"
EndProject
Global
	GlobalSection(SolutionConfigurationPlatforms) = preSolution
		Debug|Any CPU = Debug|Any CPU
		Release|Any CPU = Release|Any CPU
	EndGlobalSection
	GlobalSection(ProjectConfigurationPlatforms) = postSolution
		{226EF8D3-A7A7-4ADB-BF8F-91B6989D2C3D}.Debug|Any CPU.ActiveCfg = Debug|Any CPU
		{226EF8D3-A7A7-4ADB-BF8F-91B6989D2C3D}.Debug|Any CPU.Build.0 = Debug|Any CPU
		{226EF8D3-A7A7-4ADB-BF8F-91B6989D2C3D}.Release|Any CPU.ActiveCfg = Release|Any CPU
		{226EF8D3-A7A7-4ADB-BF8F-91B6989D2C3D}.Release|Any CPU.Build.0 = Release|Any CPU
		{FA32870D-C78D-471C-AEB4-B5B58B475064}.Debug|Any CPU.ActiveCfg = Debug|Any CPU
		{FA32870D-C78D-471C-AEB4-B5B58B475064}.Debug|Any CPU.Build.0 = Debug|Any CPU
		{FA32870D-C78D-471C-AEB4-B5B58B475064}.Release|Any CPU.ActiveCfg = Release|Any CPU
		{FA32870D-C78D-471C-AEB4-B5B58B475064}.Release|Any CPU.Build.0 = Release|Any CPU
		{F3000A84-0224-4675-9B65-5445EF642526}.Debug|Any CPU.ActiveCfg = Debug|Any CPU
		{F3000A84-0224-4675-9B65-5445EF642526}.Debug|Any CPU.Build.0 = Debug|Any CPU
		{F3000A84-0224-4675-9B65-5445EF642526}.Release|Any CPU.ActiveCfg = Release|Any CPU
		{F3000A84-0224-4675-9B65-5445EF642526}.Release|Any CPU.Build.0 = Release|Any CPU
	EndGlobalSection
	GlobalSection(SolutionProperties) = preSolution
		HideSolutionNode = FALSE
	EndGlobalSection
EndGlobal
